{
  "name": "freeserver-wiki",
  "version": "0.1.0",
  "lockfileVersion": 1,
  "requires": true,
  "dependencies": {
    "@algolia/autocomplete-core": {
      "version": "1.5.2",
      "resolved": "https://registry.npmjs.org/@algolia/autocomplete-core/-/autocomplete-core-1.5.2.tgz",
      "integrity": "sha512-DY0bhyczFSS1b/CqJlTE/nQRtnTAHl6IemIkBy0nEWnhDzRDdtdx4p5Uuk3vwAFxwEEgi1WqKwgSSMx6DpNL4A==",
      "dev": true,
      "requires": {
        "@algolia/autocomplete-shared": "1.5.2"
      }
    },
    "@algolia/autocomplete-preset-algolia": {
      "version": "1.5.2",
      "resolved": "https://registry.npmjs.org/@algolia/autocomplete-preset-algolia/-/autocomplete-preset-algolia-1.5.2.tgz",
      "integrity": "sha512-3MRYnYQFJyovANzSX2CToS6/5cfVjbLLqFsZTKcvF3abhQzxbqwwaMBlJtt620uBUOeMzhdfasKhCc40+RHiZw==",
      "dev": true,
      "requires": {
        "@algolia/autocomplete-shared": "1.5.2"
      }
    },
    "@algolia/autocomplete-shared": {
      "version": "1.5.2",
      "resolved": "https://registry.npmjs.org/@algolia/autocomplete-shared/-/autocomplete-shared-1.5.2.tgz",
      "integrity": "sha512-ylQAYv5H0YKMfHgVWX0j0NmL8XBcAeeeVQUmppnnMtzDbDnca6CzhKj3Q8eF9cHCgcdTDdb5K+3aKyGWA0obug==",
      "dev": true
    },
    "@algolia/cache-browser-local-storage": {
      "version": "4.12.1",
      "resolved": "https://registry.npmjs.org/@algolia/cache-browser-local-storage/-/cache-browser-local-storage-4.12.1.tgz",
      "integrity": "sha512-ERFFOnC9740xAkuO0iZTQqm2AzU7Dpz/s+g7o48GlZgx5p9GgNcsuK5eS0GoW/tAK+fnKlizCtlFHNuIWuvfsg==",
      "dev": true,
      "requires": {
        "@algolia/cache-common": "4.12.1"
      }
    },
    "@algolia/cache-common": {
      "version": "4.12.1",
      "resolved": "https://registry.npmjs.org/@algolia/cache-common/-/cache-common-4.12.1.tgz",
      "integrity": "sha512-UugTER3V40jT+e19Dmph5PKMeliYKxycNPwrPNADin0RcWNfT2QksK9Ff2N2W7UKraqMOzoeDb4LAJtxcK1a8Q==",
      "dev": true
    },
    "@algolia/cache-in-memory": {
      "version": "4.12.1",
      "resolved": "https://registry.npmjs.org/@algolia/cache-in-memory/-/cache-in-memory-4.12.1.tgz",
      "integrity": "sha512-U6iaunaxK1lHsAf02UWF58foKFEcrVLsHwN56UkCtwn32nlP9rz52WOcHsgk6TJrL8NDcO5swMjtOQ5XHESFLw==",
      "dev": true,
      "requires": {
        "@algolia/cache-common": "4.12.1"
      }
    },
    "@algolia/client-account": {
      "version": "4.12.1",
      "resolved": "https://registry.npmjs.org/@algolia/client-account/-/client-account-4.12.1.tgz",
      "integrity": "sha512-jGo4ConJNoMdTCR2zouO0jO/JcJmzOK6crFxMMLvdnB1JhmMbuIKluOTJVlBWeivnmcsqb7r0v7qTCPW5PAyxQ==",
      "dev": true,
      "requires": {
        "@algolia/client-common": "4.12.1",
        "@algolia/client-search": "4.12.1",
        "@algolia/transporter": "4.12.1"
      }
    },
    "@algolia/client-analytics": {
      "version": "4.12.1",
      "resolved": "https://registry.npmjs.org/@algolia/client-analytics/-/client-analytics-4.12.1.tgz",
      "integrity": "sha512-h1It7KXzIthlhuhfBk7LteYq72tym9maQDUsyRW0Gft8b6ZQahnRak9gcCvKwhcJ1vJoP7T7JrNYGiYSicTD9g==",
      "dev": true,
      "requires": {
        "@algolia/client-common": "4.12.1",
        "@algolia/client-search": "4.12.1",
        "@algolia/requester-common": "4.12.1",
        "@algolia/transporter": "4.12.1"
      }
    },
    "@algolia/client-common": {
      "version": "4.12.1",
      "resolved": "https://registry.npmjs.org/@algolia/client-common/-/client-common-4.12.1.tgz",
      "integrity": "sha512-obnJ8eSbv+h94Grk83DTGQ3bqhViSWureV6oK1s21/KMGWbb3DkduHm+lcwFrMFkjSUSzosLBHV9EQUIBvueTw==",
      "dev": true,
      "requires": {
        "@algolia/requester-common": "4.12.1",
        "@algolia/transporter": "4.12.1"
      }
    },
    "@algolia/client-personalization": {
      "version": "4.12.1",
      "resolved": "https://registry.npmjs.org/@algolia/client-personalization/-/client-personalization-4.12.1.tgz",
      "integrity": "sha512-sMSnjjPjRgByGHYygV+5L/E8a6RgU7l2GbpJukSzJ9GRY37tHmBHuvahv8JjdCGJ2p7QDYLnQy5bN5Z02qjc7Q==",
      "dev": true,
      "requires": {
        "@algolia/client-common": "4.12.1",
        "@algolia/requester-common": "4.12.1",
        "@algolia/transporter": "4.12.1"
      }
    },
    "@algolia/client-search": {
      "version": "4.12.1",
      "resolved": "https://registry.npmjs.org/@algolia/client-search/-/client-search-4.12.1.tgz",
      "integrity": "sha512-MwwKKprfY6X2nJ5Ki/ccXM2GDEePvVjZnnoOB2io3dLKW4fTqeSRlC5DRXeFD7UM0vOPPHr4ItV2aj19APKNVQ==",
      "dev": true,
      "requires": {
        "@algolia/client-common": "4.12.1",
        "@algolia/requester-common": "4.12.1",
        "@algolia/transporter": "4.12.1"
      }
    },
    "@algolia/logger-common": {
      "version": "4.12.1",
      "resolved": "https://registry.npmjs.org/@algolia/logger-common/-/logger-common-4.12.1.tgz",
      "integrity": "sha512-fCgrzlXGATNqdFTxwx0GsyPXK+Uqrx1SZ3iuY2VGPPqdt1a20clAG2n2OcLHJpvaa6vMFPlJyWvbqAgzxdxBlQ==",
      "dev": true
    },
    "@algolia/logger-console": {
      "version": "4.12.1",
      "resolved": "https://registry.npmjs.org/@algolia/logger-console/-/logger-console-4.12.1.tgz",
      "integrity": "sha512-0owaEnq/davngQMYqxLA4KrhWHiXujQ1CU3FFnyUcMyBR7rGHI48zSOUpqnsAXrMBdSH6rH5BDkSUUFwsh8RkQ==",
      "dev": true,
      "requires": {
        "@algolia/logger-common": "4.12.1"
      }
    },
    "@algolia/requester-browser-xhr": {
      "version": "4.12.1",
      "resolved": "https://registry.npmjs.org/@algolia/requester-browser-xhr/-/requester-browser-xhr-4.12.1.tgz",
      "integrity": "sha512-OaMxDyG0TZG0oqz1lQh9e3woantAG1bLnuwq3fmypsrQxra4IQZiyn1x+kEb69D2TcXApI5gOgrD4oWhtEVMtw==",
      "dev": true,
      "requires": {
        "@algolia/requester-common": "4.12.1"
      }
    },
    "@algolia/requester-common": {
      "version": "4.12.1",
      "resolved": "https://registry.npmjs.org/@algolia/requester-common/-/requester-common-4.12.1.tgz",
      "integrity": "sha512-XWIrWQNJ1vIrSuL/bUk3ZwNMNxl+aWz6dNboRW6+lGTcMIwc3NBFE90ogbZKhNrFRff8zI4qCF15tjW+Fyhpow==",
      "dev": true
    },
    "@algolia/requester-node-http": {
      "version": "4.12.1",
      "resolved": "https://registry.npmjs.org/@algolia/requester-node-http/-/requester-node-http-4.12.1.tgz",
      "integrity": "sha512-awBtwaD+s0hxkA1aehYn8F0t9wqGoBVWgY4JPHBmp1ChO3pK7RKnnvnv7QQa9vTlllX29oPt/BBVgMo1Z3n1Qg==",
      "dev": true,
      "requires": {
        "@algolia/requester-common": "4.12.1"
      }
    },
    "@algolia/transporter": {
      "version": "4.12.1",
      "resolved": "https://registry.npmjs.org/@algolia/transporter/-/transporter-4.12.1.tgz",
      "integrity": "sha512-BGeNgdEHc6dXIk2g8kdlOoQ6fQ6OIaKQcplEj7HPoi+XZUeAvRi3Pff3QWd7YmybWkjzd9AnTzieTASDWhL+sQ==",
      "dev": true,
      "requires": {
        "@algolia/cache-common": "4.12.1",
        "@algolia/logger-common": "4.12.1",
        "@algolia/requester-common": "4.12.1"
      }
    },
    "@babel/parser": {
      "version": "7.17.0",
      "resolved": "https://registry.npmjs.org/@babel/parser/-/parser-7.17.0.tgz",
      "integrity": "sha512-VKXSCQx5D8S04ej+Dqsr1CzYvvWgf20jIw2D+YhQCrIlr2UZGaDds23Y0xg75/skOxpLCRpUZvk/1EAVkGoDOw==",
      "dev": true
    },
    "@docsearch/css": {
      "version": "3.0.0-alpha.50",
      "resolved": "https://registry.npmjs.org/@docsearch/css/-/css-3.0.0-alpha.50.tgz",
      "integrity": "sha512-QeWFCQOtS9D+Fi20liKsPXF2j/xWKh52e+P2Z1UATIdPMqmH6zoB2lcUz+cgv6PPVgWUtECeR6VSSUm71LT94w==",
      "dev": true
    },
    "@docsearch/js": {
      "version": "3.0.0-alpha.50",
      "resolved": "https://registry.npmjs.org/@docsearch/js/-/js-3.0.0-alpha.50.tgz",
      "integrity": "sha512-1ap9Wz5oR/Z8yybaCZhsptXU43es3H52eEQUZtmzb8dUWyCW+3iXaKVB/qeMJOQWtggZ/WvZV3YknVIbCMR2dQ==",
      "dev": true,
      "requires": {
        "@docsearch/react": "3.0.0-alpha.50",
        "preact": "^10.0.0"
      }
    },
    "@docsearch/react": {
      "version": "3.0.0-alpha.50",
      "resolved": "https://registry.npmjs.org/@docsearch/react/-/react-3.0.0-alpha.50.tgz",
      "integrity": "sha512-oDGV1zZCRYv7MWsh6CyQVthYTRc3b4q+6kKwNYb1/g/Wf/4nJHutpxolFLHdEUDhrJ4Xi8wxwQG+lEwAVBTHPg==",
      "dev": true,
      "requires": {
        "@algolia/autocomplete-core": "1.5.2",
        "@algolia/autocomplete-preset-algolia": "1.5.2",
        "@docsearch/css": "3.0.0-alpha.50",
        "algoliasearch": "^4.0.0"
      }
    },
    "@vitejs/plugin-vue": {
      "version": "2.2.0",
      "resolved": "https://registry.npmjs.org/@vitejs/plugin-vue/-/plugin-vue-2.2.0.tgz",
      "integrity": "sha512-wXigM1EwN2G7rZcwG6kLk9ivvIMhx2363tCEvMBiXcTu5nePM/12hUPVzPb83Uugt6U+zom1gTpJopi/Ow/jwg==",
      "dev": true
    },
    "@vue/compiler-core": {
      "version": "3.2.30",
      "resolved": "https://registry.npmjs.org/@vue/compiler-core/-/compiler-core-3.2.30.tgz",
      "integrity": "sha512-64fq1KfcR+k3Vlw+IsBM2VhV5B+2IP3YxvKU8LWCDLrkmlXtbf2eMK6+0IwX5KP41D0f1gzryIiXR7P8cB9O5Q==",
      "dev": true,
      "requires": {
        "@babel/parser": "^7.16.4",
        "@vue/shared": "3.2.30",
        "estree-walker": "^2.0.2",
        "source-map": "^0.6.1"
      }
    },
    "@vue/compiler-dom": {
      "version": "3.2.30",
      "resolved": "https://registry.npmjs.org/@vue/compiler-dom/-/compiler-dom-3.2.30.tgz",
      "integrity": "sha512-t7arHz2SXLCXlF2fdGDFVbhENbGMez254Z5edUqb//6WXJU1lC7GvSkUE7i5x8WSjgfqt60i0V8zdmk16rvLdw==",
      "dev": true,
      "requires": {
        "@vue/compiler-core": "3.2.30",
        "@vue/shared": "3.2.30"
      }
    },
    "@vue/compiler-sfc": {
      "version": "3.2.30",
      "resolved": "https://registry.npmjs.org/@vue/compiler-sfc/-/compiler-sfc-3.2.30.tgz",
      "integrity": "sha512-P/5YpILtcQY92z72gxhkyOUPHVskEzhSrvYi91Xcr+csOxaDaYU5OqOxCzZKcf3Og70Tat404vO1OHrwprN90A==",
      "dev": true,
      "requires": {
        "@babel/parser": "^7.16.4",
        "@vue/compiler-core": "3.2.30",
        "@vue/compiler-dom": "3.2.30",
        "@vue/compiler-ssr": "3.2.30",
        "@vue/reactivity-transform": "3.2.30",
        "@vue/shared": "3.2.30",
        "estree-walker": "^2.0.2",
        "magic-string": "^0.25.7",
        "postcss": "^8.1.10",
        "source-map": "^0.6.1"
      }
    },
    "@vue/compiler-ssr": {
      "version": "3.2.30",
      "resolved": "https://registry.npmjs.org/@vue/compiler-ssr/-/compiler-ssr-3.2.30.tgz",
      "integrity": "sha512-OUh3MwAu/PsD7VN3UOdBbTkltkrUCNouSht47+CMRzpUR5+ta7+xyMAVHeq8wg4YZenWaJimbR5TL35Ka4Vk6g==",
      "dev": true,
      "requires": {
        "@vue/compiler-dom": "3.2.30",
        "@vue/shared": "3.2.30"
      }
    },
    "@vue/reactivity": {
      "version": "3.2.30",
      "resolved": "https://registry.npmjs.org/@vue/reactivity/-/reactivity-3.2.30.tgz",
      "integrity": "sha512-qlNKbkRn2JiGxVUEdoXbLAy+vcuHUCcq+YH2uXWz0BNMvXY2plmz+oqsw+694llwmYLkke5lbdYF4DIupisIkg==",
      "dev": true,
      "requires": {
        "@vue/shared": "3.2.30"
      }
    },
    "@vue/reactivity-transform": {
      "version": "3.2.30",
      "resolved": "https://registry.npmjs.org/@vue/reactivity-transform/-/reactivity-transform-3.2.30.tgz",
      "integrity": "sha512-Le5XzCJyK3qTjoTnvQG/Ehu8fYjayauMNFyMaEnwFlm/avDofpuibpS9u+/6AgzsGnVWN+i0Jgf25bJd9DIwMw==",
      "dev": true,
      "requires": {
        "@babel/parser": "^7.16.4",
        "@vue/compiler-core": "3.2.30",
        "@vue/shared": "3.2.30",
        "estree-walker": "^2.0.2",
        "magic-string": "^0.25.7"
      }
    },
    "@vue/runtime-core": {
      "version": "3.2.30",
      "resolved": "https://registry.npmjs.org/@vue/runtime-core/-/runtime-core-3.2.30.tgz",
      "integrity": "sha512-RTi7xH0Ht/6wfbo2WFBMJTEiyWFTqGhrksJm8lz6E+auO6lXZ6Eq3gPNfLt47GDWCm4xyrv+rs5R4UbarPEQ1Q==",
      "dev": true,
      "requires": {
        "@vue/reactivity": "3.2.30",
        "@vue/shared": "3.2.30"
      }
    },
    "@vue/runtime-dom": {
      "version": "3.2.30",
      "resolved": "https://registry.npmjs.org/@vue/runtime-dom/-/runtime-dom-3.2.30.tgz",
      "integrity": "sha512-a3+jrncDvEFQmB+v9k0VyT4/Y3XO6OAueCroXXY4yLyr6PJeyxljweV5TzvW0rvVzH9sZO0QAvG76Lo+6C92Qw==",
      "dev": true,
      "requires": {
        "@vue/runtime-core": "3.2.30",
        "@vue/shared": "3.2.30",
        "csstype": "^2.6.8"
      }
    },
    "@vue/server-renderer": {
      "version": "3.2.30",
      "resolved": "https://registry.npmjs.org/@vue/server-renderer/-/server-renderer-3.2.30.tgz",
      "integrity": "sha512-pzb8J/w+JdZVOtuKFlirGqrs4GP60FXGDJySw3WV2pCetuFstaacDrnymEeSo3ohAD+Qjv7zAG+Y7OvkdxQxmQ==",
      "dev": true,
      "requires": {
        "@vue/compiler-ssr": "3.2.30",
        "@vue/shared": "3.2.30"
      }
    },
    "@vue/shared": {
      "version": "3.2.30",
      "resolved": "https://registry.npmjs.org/@vue/shared/-/shared-3.2.30.tgz",
      "integrity": "sha512-B3HouBtUxcfu2w2d+VhdLcVBXKYYhXiFMAfQ+hoe8NUhKkPRkWDIqhpuehCZxVQ3S2dN1P1WfKGlxGC+pfmxGg==",
      "dev": true
    },
    "algoliasearch": {
      "version": "4.12.1",
      "resolved": "https://registry.npmjs.org/algoliasearch/-/algoliasearch-4.12.1.tgz",
      "integrity": "sha512-c0dM1g3zZBJrkzE5GA/Nu1y3fFxx3LCzxKzcmp2dgGS8P4CjszB/l3lsSh2MSrrK1Hn/KV4BlbBMXtYgG1Bfrw==",
      "dev": true,
      "requires": {
        "@algolia/cache-browser-local-storage": "4.12.1",
        "@algolia/cache-common": "4.12.1",
        "@algolia/cache-in-memory": "4.12.1",
        "@algolia/client-account": "4.12.1",
        "@algolia/client-analytics": "4.12.1",
        "@algolia/client-common": "4.12.1",
        "@algolia/client-personalization": "4.12.1",
        "@algolia/client-search": "4.12.1",
        "@algolia/logger-common": "4.12.1",
        "@algolia/logger-console": "4.12.1",
        "@algolia/requester-browser-xhr": "4.12.1",
        "@algolia/requester-common": "4.12.1",
        "@algolia/requester-node-http": "4.12.1",
        "@algolia/transporter": "4.12.1"
      }
    },
    "argparse": {
      "version": "1.0.10",
      "resolved": "https://registry.npmjs.org/argparse/-/argparse-1.0.10.tgz",
      "integrity": "sha512-o5Roy6tNG4SL/FOkCAN6RzjiakZS25RLYFrcMttJqbdd8BWrnA+fGz57iN5Pb06pvBGvl5gQ0B48dJlslXvoTg==",
      "requires": {
        "sprintf-js": "~1.0.2"
      }
    },
    "boolbase": {
      "version": "1.0.0",
      "resolved": "https://registry.npmjs.org/boolbase/-/boolbase-1.0.0.tgz",
      "integrity": "sha1-aN/1++YMUes3cl6p4+0xDcwed24="
    },
    "cheerio": {
      "version": "1.0.0-rc.10",
      "resolved": "https://registry.npmjs.org/cheerio/-/cheerio-1.0.0-rc.10.tgz",
      "integrity": "sha512-g0J0q/O6mW8z5zxQ3A8E8J1hUgp4SMOvEoW/x84OwyHKe/Zccz83PVT4y5Crcr530FV6NgmKI1qvGTKVl9XXVw==",
      "requires": {
        "cheerio-select": "^1.5.0",
        "dom-serializer": "^1.3.2",
        "domhandler": "^4.2.0",
        "htmlparser2": "^6.1.0",
        "parse5": "^6.0.1",
        "parse5-htmlparser2-tree-adapter": "^6.0.1",
        "tslib": "^2.2.0"
      }
    },
    "cheerio-select": {
      "version": "1.5.0",
      "resolved": "https://registry.npmjs.org/cheerio-select/-/cheerio-select-1.5.0.tgz",
      "integrity": "sha512-qocaHPv5ypefh6YNxvnbABM07KMxExbtbfuJoIie3iZXX1ERwYmJcIiRrr9H05ucQP1k28dav8rpdDgjQd8drg==",
      "requires": {
        "css-select": "^4.1.3",
        "css-what": "^5.0.1",
        "domelementtype": "^2.2.0",
        "domhandler": "^4.2.0",
        "domutils": "^2.7.0"
      }
    },
    "css-select": {
      "version": "4.1.3",
      "resolved": "https://registry.npmjs.org/css-select/-/css-select-4.1.3.tgz",
      "integrity": "sha512-gT3wBNd9Nj49rAbmtFHj1cljIAOLYSX1nZ8CB7TBO3INYckygm5B7LISU/szY//YmdiSLbJvDLOx9VnMVpMBxA==",
      "requires": {
        "boolbase": "^1.0.0",
        "css-what": "^5.0.0",
        "domhandler": "^4.2.0",
        "domutils": "^2.6.0",
        "nth-check": "^2.0.0"
      }
    },
    "css-what": {
      "version": "5.0.1",
      "resolved": "https://registry.npmjs.org/css-what/-/css-what-5.0.1.tgz",
      "integrity": "sha512-FYDTSHb/7KXsWICVsxdmiExPjCfRC4qRFBdVwv7Ax9hMnvMmEjP9RfxTEZ3qPZGmADDn2vAKSo9UcN1jKVYscg=="
    },
    "csstype": {
      "version": "2.6.19",
      "resolved": "https://registry.npmjs.org/csstype/-/csstype-2.6.19.tgz",
      "integrity": "sha512-ZVxXaNy28/k3kJg0Fou5MiYpp88j7H9hLZp8PDC3jV0WFjfH5E9xHb56L0W59cPbKbcHXeP4qyT8PrHp8t6LcQ==",
      "dev": true
    },
    "dom-serializer": {
      "version": "1.3.2",
      "resolved": "https://registry.npmjs.org/dom-serializer/-/dom-serializer-1.3.2.tgz",
      "integrity": "sha512-5c54Bk5Dw4qAxNOI1pFEizPSjVsx5+bpJKmL2kPn8JhBUq2q09tTCa3mjijun2NfK78NMouDYNMBkOrPZiS+ig==",
      "requires": {
        "domelementtype": "^2.0.1",
        "domhandler": "^4.2.0",
        "entities": "^2.0.0"
      }
    },
    "domelementtype": {
      "version": "2.2.0",
      "resolved": "https://registry.npmjs.org/domelementtype/-/domelementtype-2.2.0.tgz",
      "integrity": "sha512-DtBMo82pv1dFtUmHyr48beiuq792Sxohr+8Hm9zoxklYPfa6n0Z3Byjj2IV7bmr2IyqClnqEQhfgHJJ5QF0R5A=="
    },
    "domhandler": {
      "version": "4.2.0",
      "resolved": "https://registry.npmjs.org/domhandler/-/domhandler-4.2.0.tgz",
      "integrity": "sha512-zk7sgt970kzPks2Bf+dwT/PLzghLnsivb9CcxkvR8Mzr66Olr0Ofd8neSbglHJHaHa2MadfoSdNlKYAaafmWfA==",
      "requires": {
        "domelementtype": "^2.2.0"
      }
    },
    "domutils": {
      "version": "2.7.0",
      "resolved": "https://registry.npmjs.org/domutils/-/domutils-2.7.0.tgz",
      "integrity": "sha512-8eaHa17IwJUPAiB+SoTYBo5mCdeMgdcAoXJ59m6DT1vw+5iLS3gNoqYaRowaBKtGVrOF1Jz4yDTgYKLK2kvfJg==",
      "requires": {
        "dom-serializer": "^1.0.1",
        "domelementtype": "^2.2.0",
        "domhandler": "^4.2.0"
      }
    },
    "entities": {
      "version": "2.0.3",
      "resolved": "https://registry.npmjs.org/entities/-/entities-2.0.3.tgz",
      "integrity": "sha512-MyoZ0jgnLvB2X3Lg5HqpFmn1kybDiIfEQmKzTb5apr51Rb+T3KdmMiqa70T+bhGnyv7bQ6WMj2QMHpGMmlrUYQ=="
    },
    "esbuild": {
      "version": "0.14.21",
      "resolved": "https://registry.npmjs.org/esbuild/-/esbuild-0.14.21.tgz",
      "integrity": "sha512-7WEoNMBJdLN993dr9h0CpFHPRc3yFZD+EAVY9lg6syJJ12gc5fHq8d75QRExuhnMkT2DaRiIKFThRvDWP+fO+A==",
      "dev": true,
      "requires": {
        "esbuild-android-arm64": "0.14.21",
        "esbuild-darwin-64": "0.14.21",
        "esbuild-darwin-arm64": "0.14.21",
        "esbuild-freebsd-64": "0.14.21",
        "esbuild-freebsd-arm64": "0.14.21",
        "esbuild-linux-32": "0.14.21",
        "esbuild-linux-64": "0.14.21",
        "esbuild-linux-arm": "0.14.21",
        "esbuild-linux-arm64": "0.14.21",
        "esbuild-linux-mips64le": "0.14.21",
        "esbuild-linux-ppc64le": "0.14.21",
        "esbuild-linux-riscv64": "0.14.21",
        "esbuild-linux-s390x": "0.14.21",
        "esbuild-netbsd-64": "0.14.21",
        "esbuild-openbsd-64": "0.14.21",
        "esbuild-sunos-64": "0.14.21",
        "esbuild-windows-32": "0.14.21",
        "esbuild-windows-64": "0.14.21",
        "esbuild-windows-arm64": "0.14.21"
      }
    },
    "esbuild-android-arm64": {
      "version": "0.14.21",
      "resolved": "https://registry.npmjs.org/esbuild-android-arm64/-/esbuild-android-arm64-0.14.21.tgz",
      "integrity": "sha512-Bqgld1TY0wZv8TqiQmVxQFgYzz8ZmyzT7clXBDZFkOOdRybzsnj8AZuK1pwcLVA7Ya6XncHgJqIao7NFd3s0RQ==",
      "dev": true,
      "optional": true
    },
    "esbuild-darwin-64": {
      "version": "0.14.21",
      "resolved": "https://registry.npmjs.org/esbuild-darwin-64/-/esbuild-darwin-64-0.14.21.tgz",
      "integrity": "sha512-j+Eg+e13djzyYINVvAbOo2/zvZ2DivuJJTaBrJnJHSD7kUNuGHRkHoSfFjbI80KHkn091w350wdmXDNSgRjfYQ==",
      "dev": true,
      "optional": true
    },
    "esbuild-darwin-arm64": {
      "version": "0.14.21",
      "resolved": "https://registry.npmjs.org/esbuild-darwin-arm64/-/esbuild-darwin-arm64-0.14.21.tgz",
      "integrity": "sha512-nDNTKWDPI0RuoPj5BhcSB2z5EmZJJAyRtZLIjyXSqSpAyoB8eyAKXl4lB8U2P78Fnh4Lh1le/fmpewXE04JhBQ==",
      "dev": true,
      "optional": true
    },
    "esbuild-freebsd-64": {
      "version": "0.14.21",
      "resolved": "https://registry.npmjs.org/esbuild-freebsd-64/-/esbuild-freebsd-64-0.14.21.tgz",
      "integrity": "sha512-zIurkCHXhxELiDZtLGiexi8t8onQc2LtuE+S7457H/pP0g0MLRKMrsn/IN4LDkNe6lvBjuoZZi2OfelOHn831g==",
      "dev": true,
      "optional": true
    },
    "esbuild-freebsd-arm64": {
      "version": "0.14.21",
      "resolved": "https://registry.npmjs.org/esbuild-freebsd-arm64/-/esbuild-freebsd-arm64-0.14.21.tgz",
      "integrity": "sha512-wdxMmkJfbwcN+q85MpeUEamVZ40FNsBa9mPq8tAszDn8TRT2HoJvVRADPIIBa9SWWwlDChIMjkDKAnS3KS/sPA==",
      "dev": true,
      "optional": true
    },
    "esbuild-linux-32": {
      "version": "0.14.21",
      "resolved": "https://registry.npmjs.org/esbuild-linux-32/-/esbuild-linux-32-0.14.21.tgz",
      "integrity": "sha512-fmxvyzOPPh2xiEHojpCeIQP6pXcoKsWbz3ryDDIKLOsk4xp3GbpHIEAWP0xTeuhEbendmvBDVKbAVv3PnODXLg==",
      "dev": true,
      "optional": true
    },
    "esbuild-linux-64": {
      "version": "0.14.21",
      "resolved": "https://registry.npmjs.org/esbuild-linux-64/-/esbuild-linux-64-0.14.21.tgz",
      "integrity": "sha512-edZyNOv1ql+kpmlzdqzzDjRQYls+tSyi4QFi+PdBhATJFUqHsnNELWA9vMSzAaInPOEaVUTA5Ml28XFChcy4DA==",
      "dev": true,
      "optional": true
    },
    "esbuild-linux-arm": {
      "version": "0.14.21",
      "resolved": "https://registry.npmjs.org/esbuild-linux-arm/-/esbuild-linux-arm-0.14.21.tgz",
      "integrity": "sha512-aSU5pUueK6afqmLQsbU+QcFBT62L+4G9hHMJDHWfxgid6hzhSmfRH9U/f+ymvxsSTr/HFRU4y7ox8ZyhlVl98w==",
      "dev": true,
      "optional": true
    },
    "esbuild-linux-arm64": {
      "version": "0.14.21",
      "resolved": "https://registry.npmjs.org/esbuild-linux-arm64/-/esbuild-linux-arm64-0.14.21.tgz",
      "integrity": "sha512-t5qxRkq4zdQC0zXpzSB2bTtfLgOvR0C6BXYaRE/6/k8/4SrkZcTZBeNu+xGvwCU4b5dU9ST9pwIWkK6T1grS8g==",
      "dev": true,
      "optional": true
    },
    "esbuild-linux-mips64le": {
      "version": "0.14.21",
      "resolved": "https://registry.npmjs.org/esbuild-linux-mips64le/-/esbuild-linux-mips64le-0.14.21.tgz",
      "integrity": "sha512-jLZLQGCNlUsmIHtGqNvBs3zN+7a4D9ckf0JZ+jQTwHdZJ1SgV9mAjbB980OFo66LoY+WeM7t3WEnq3FjI1zw4A==",
      "dev": true,
      "optional": true
    },
    "esbuild-linux-ppc64le": {
      "version": "0.14.21",
      "resolved": "https://registry.npmjs.org/esbuild-linux-ppc64le/-/esbuild-linux-ppc64le-0.14.21.tgz",
      "integrity": "sha512-4TWxpK391en2UBUw6GSrukToTDu6lL9vkm3Ll40HrI08WG3qcnJu7bl8e1+GzelDsiw1QmfAY/nNvJ6iaHRpCQ==",
      "dev": true,
      "optional": true
    },
    "esbuild-linux-riscv64": {
      "version": "0.14.21",
      "resolved": "https://registry.npmjs.org/esbuild-linux-riscv64/-/esbuild-linux-riscv64-0.14.21.tgz",
      "integrity": "sha512-fElngqOaOfTsF+u+oetDLHsPG74vB2ZaGZUqmGefAJn3a5z9Z2pNa4WpVbbKgHpaAAy5tWM1m1sbGohj6Ki6+Q==",
      "dev": true,
      "optional": true
    },
    "esbuild-linux-s390x": {
      "version": "0.14.21",
      "resolved": "https://registry.npmjs.org/esbuild-linux-s390x/-/esbuild-linux-s390x-0.14.21.tgz",
      "integrity": "sha512-brleZ6R5fYv0qQ7ZBwenQmP6i9TdvJCB092c/3D3pTLQHBGHJb5zWgKxOeS7bdHzmLy6a6W7GbFk6QKpjyD6QA==",
      "dev": true,
      "optional": true
    },
    "esbuild-netbsd-64": {
      "version": "0.14.21",
      "resolved": "https://registry.npmjs.org/esbuild-netbsd-64/-/esbuild-netbsd-64-0.14.21.tgz",
      "integrity": "sha512-nCEgsLCQ8RoFWVV8pVI+kX66ICwbPP/M9vEa0NJGIEB/Vs5sVGMqkf67oln90XNSkbc0bPBDuo4G6FxlF7PN8g==",
      "dev": true,
      "optional": true
    },
    "esbuild-openbsd-64": {
      "version": "0.14.21",
      "resolved": "https://registry.npmjs.org/esbuild-openbsd-64/-/esbuild-openbsd-64-0.14.21.tgz",
      "integrity": "sha512-h9zLMyVD0T73MDTVYIb/qUTokwI6EJH9O6wESuTNq6+XpMSr6C5aYZ4fvFKdNELW+Xsod+yDS2hV2JTUAbFrLA==",
      "dev": true,
      "optional": true
    },
    "esbuild-sunos-64": {
      "version": "0.14.21",
      "resolved": "https://registry.npmjs.org/esbuild-sunos-64/-/esbuild-sunos-64-0.14.21.tgz",
      "integrity": "sha512-Kl+7Cot32qd9oqpLdB1tEGXEkjBlijrIxMJ0+vlDFaqsODutif25on0IZlFxEBtL2Gosd4p5WCV1U7UskNQfXA==",
      "dev": true,
      "optional": true
    },
    "esbuild-windows-32": {
      "version": "0.14.21",
      "resolved": "https://registry.npmjs.org/esbuild-windows-32/-/esbuild-windows-32-0.14.21.tgz",
      "integrity": "sha512-V7vnTq67xPBUCk/9UtlolmQ798Ecjdr1ZoI1vcSgw7M82aSSt0eZdP6bh5KAFZU8pxDcx3qoHyWQfHYr11f22A==",
      "dev": true,
      "optional": true
    },
    "esbuild-windows-64": {
      "version": "0.14.21",
      "resolved": "https://registry.npmjs.org/esbuild-windows-64/-/esbuild-windows-64-0.14.21.tgz",
      "integrity": "sha512-kDgHjKOHwjfJDCyRGELzVxiP/RBJBTA+wyspf78MTTJQkyPuxH2vChReNdWc+dU2S4gIZFHMdP1Qrl/k22ZmaA==",
      "dev": true,
      "optional": true
    },
    "esbuild-windows-arm64": {
      "version": "0.14.21",
      "resolved": "https://registry.npmjs.org/esbuild-windows-arm64/-/esbuild-windows-arm64-0.14.21.tgz",
      "integrity": "sha512-8Sbo0zpzgwWrwjQYLmHF78f7E2xg5Ve63bjB2ng3V2aManilnnTGaliq2snYg+NOX60+hEvJHRdVnuIAHW0lVw==",
      "dev": true,
      "optional": true
    },
    "estree-walker": {
      "version": "2.0.2",
      "resolved": "https://registry.npmjs.org/estree-walker/-/estree-walker-2.0.2.tgz",
      "integrity": "sha512-Rfkk/Mp/DL7JVje3u18FxFujQlTNR2q6QfMSMB7AvCBx91NGj/ba3kCfza0f6dVDbw7YlRf/nDrn7pQrCCyQ/w==",
      "dev": true
    },
    "fsevents": {
      "version": "2.3.2",
      "resolved": "https://registry.npmjs.org/fsevents/-/fsevents-2.3.2.tgz",
      "integrity": "sha512-xiqMQR4xAeHTuB9uWm+fFRcIOgKBMiOBP+eXiyT7jsgVCq1bkVygt00oASowB7EdtpOHaaPgKt812P9ab+DDKA==",
      "dev": true,
      "optional": true
    },
    "function-bind": {
      "version": "1.1.1",
      "resolved": "https://registry.npmjs.org/function-bind/-/function-bind-1.1.1.tgz",
      "integrity": "sha512-yIovAzMX49sF8Yl58fSCWJ5svSLuaibPxXQJFLmBObTuCr0Mf1KiPopGM9NiFjiYBCbfaa2Fh6breQ6ANVTI0A==",
      "dev": true
    },
    "has": {
      "version": "1.0.3",
      "resolved": "https://registry.npmjs.org/has/-/has-1.0.3.tgz",
      "integrity": "sha512-f2dvO0VU6Oej7RkWJGrehjbzMAjFp5/VKPp5tTpWIV4JHHZK1/BxbFRtf/siA2SWTe09caDmVtYYzWEIbBS4zw==",
      "dev": true,
      "requires": {
        "function-bind": "^1.1.1"
      }
    },
    "htmlparser2": {
      "version": "6.1.0",
      "resolved": "https://registry.npmjs.org/htmlparser2/-/htmlparser2-6.1.0.tgz",
      "integrity": "sha512-gyyPk6rgonLFEDGoeRgQNaEUvdJ4ktTmmUh/h2t7s+M8oPpIPxgNACWa+6ESR57kXstwqPiCut0V8NRpcwgU7A==",
      "requires": {
        "domelementtype": "^2.0.1",
        "domhandler": "^4.0.0",
        "domutils": "^2.5.2",
        "entities": "^2.0.0"
      }
    },
    "is-core-module": {
      "version": "2.8.1",
      "resolved": "https://registry.npmjs.org/is-core-module/-/is-core-module-2.8.1.tgz",
      "integrity": "sha512-SdNCUs284hr40hFTFP6l0IfZ/RSrMXF3qgoRHd3/79unUTvrFO/JoXwkGm+5J/Oe3E/b5GsnG330uUNgRpu1PA==",
      "dev": true,
      "requires": {
        "has": "^1.0.3"
      }
    },
    "magic-string": {
      "version": "0.25.7",
      "resolved": "https://registry.npmjs.org/magic-string/-/magic-string-0.25.7.tgz",
      "integrity": "sha512-4CrMT5DOHTDk4HYDlzmwu4FVCcIYI8gauveasrdCu2IKIFOJ3f0v/8MDGJCDL9oD2ppz/Av1b0Nj345H9M+XIA==",
      "dev": true,
      "requires": {
        "sourcemap-codec": "^1.4.4"
      }
    },
    "markdown-it-multimd-table": {
      "version": "4.1.0",
      "resolved": "https://registry.npmjs.org/markdown-it-multimd-table/-/markdown-it-multimd-table-4.1.0.tgz",
      "integrity": "sha512-YNR7Td1gK3O+jLezL6Zfl80WNRn9iLAyXmCVAUSsTJ61drmJdHr7cWqr2CuWaSffBtnM0Zh0QBRUdmICoy+CDg==",
      "requires": {
        "markdown-it": "^11.0.0"
      },
      "dependencies": {
        "linkify-it": {
          "version": "3.0.2",
          "resolved": "https://registry.npmjs.org/linkify-it/-/linkify-it-3.0.2.tgz",
          "integrity": "sha512-gDBO4aHNZS6coiZCKVhSNh43F9ioIL4JwRjLZPkoLIY4yZFwg264Y5lu2x6rb1Js42Gh6Yqm2f6L2AJcnkzinQ==",
          "requires": {
            "uc.micro": "^1.0.1"
          }
        },
        "markdown-it": {
          "version": "11.0.1",
          "resolved": "https://registry.npmjs.org/markdown-it/-/markdown-it-11.0.1.tgz",
          "integrity": "sha512-aU1TzmBKcWNNYvH9pjq6u92BML+Hz3h5S/QpfTFwiQF852pLT+9qHsrhM9JYipkOXZxGn+sGH8oyJE9FD9WezQ==",
          "requires": {
            "argparse": "^1.0.7",
            "entities": "~2.0.0",
            "linkify-it": "^3.0.1",
            "mdurl": "^1.0.1",
            "uc.micro": "^1.0.5"
          }
        }
      }
    },
    "markdown-it-scrolltable": {
      "version": "0.1.6",
      "resolved": "https://registry.npmjs.org/markdown-it-scrolltable/-/markdown-it-scrolltable-0.1.6.tgz",
      "integrity": "sha512-jXMqjb7LIv5DAo8DkGY7Y0iUannV9cjlCFAUgL0xTPG5N6ItzIXoT/glVmUIvcS9rGBXvI7pwyi4pdxfXtid2g==",
      "requires": {
        "cheerio": "^1.0.0-rc.5"
      }
    },
    "mdurl": {
      "version": "1.0.1",
      "resolved": "https://registry.npmjs.org/mdurl/-/mdurl-1.0.1.tgz",
      "integrity": "sha1-/oWy7HWlkDfyrf7BAP1sYBdhFS4="
    },
    "nanoid": {
      "version": "3.2.0",
      "resolved": "https://registry.npmjs.org/nanoid/-/nanoid-3.2.0.tgz",
      "integrity": "sha512-fmsZYa9lpn69Ad5eDn7FMcnnSR+8R34W9qJEijxYhTbfOWzr22n1QxCMzXLK+ODyW2973V3Fux959iQoUxzUIA==",
      "dev": true
    },
    "nth-check": {
      "version": "2.0.1",
      "resolved": "https://registry.npmjs.org/nth-check/-/nth-check-2.0.1.tgz",
      "integrity": "sha512-it1vE95zF6dTT9lBsYbxvqh0Soy4SPowchj0UBGj/V6cTPnXXtQOPUbhZ6CmGzAD/rW22LQK6E96pcdJXk4A4w==",
      "requires": {
        "boolbase": "^1.0.0"
      }
    },
    "parse5": {
      "version": "6.0.1",
      "resolved": "https://registry.npmjs.org/parse5/-/parse5-6.0.1.tgz",
      "integrity": "sha512-Ofn/CTFzRGTTxwpNEs9PP93gXShHcTq255nzRYSKe8AkVpZY7e1fpmTfOyoIvjP5HG7Z2ZM7VS9PPhQGW2pOpw=="
    },
    "parse5-htmlparser2-tree-adapter": {
      "version": "6.0.1",
      "resolved": "https://registry.npmjs.org/parse5-htmlparser2-tree-adapter/-/parse5-htmlparser2-tree-adapter-6.0.1.tgz",
      "integrity": "sha512-qPuWvbLgvDGilKc5BoicRovlT4MtYT6JfJyBOMDsKoiT+GiuP5qyrPCnR9HcPECIJJmZh5jRndyNThnhhb/vlA==",
      "requires": {
        "parse5": "^6.0.1"
      }
    },
    "path-parse": {
      "version": "1.0.7",
      "resolved": "https://registry.npmjs.org/path-parse/-/path-parse-1.0.7.tgz",
      "integrity": "sha512-LDJzPVEEEPR+y48z93A0Ed0yXb8pAByGWo/k5YYdYgpY2/2EsOsksJrq7lOHxryrVOn1ejG6oAp8ahvOIQD8sw==",
      "dev": true
    },
    "picocolors": {
      "version": "1.0.0",
      "resolved": "https://registry.npmjs.org/picocolors/-/picocolors-1.0.0.tgz",
      "integrity": "sha512-1fygroTLlHu66zi26VoTDv8yRgm0Fccecssto+MhsZ0D/DGW2sm8E8AjW7NU5VVTRt5GxbeZ5qBuJr+HyLYkjQ==",
      "dev": true
    },
    "postcss": {
      "version": "8.4.6",
      "resolved": "https://registry.npmjs.org/postcss/-/postcss-8.4.6.tgz",
      "integrity": "sha512-OovjwIzs9Te46vlEx7+uXB0PLijpwjXGKXjVGGPIGubGpq7uh5Xgf6D6FiJ/SzJMBosHDp6a2hiXOS97iBXcaA==",
      "dev": true,
      "requires": {
        "nanoid": "^3.2.0",
        "picocolors": "^1.0.0",
        "source-map-js": "^1.0.2"
      }
    },
    "preact": {
      "version": "10.6.5",
      "resolved": "https://registry.npmjs.org/preact/-/preact-10.6.5.tgz",
      "integrity": "sha512-i+LXM6JiVjQXSt2jG2vZZFapGpCuk1fl8o6ii3G84MA3xgj686FKjs4JFDkmUVhtxyq21+4ay74zqPykz9hU6w==",
      "dev": true
    },
    "prismjs": {
      "version": "1.26.0",
      "resolved": "https://registry.npmjs.org/prismjs/-/prismjs-1.26.0.tgz",
      "integrity": "sha512-HUoH9C5Z3jKkl3UunCyiD5jwk0+Hz0fIgQ2nbwU2Oo/ceuTAQAg+pPVnfdt2TJWRVLcxKh9iuoYDUSc8clb5UQ==",
      "dev": true
    },
    "resolve": {
      "version": "1.22.0",
      "resolved": "https://registry.npmjs.org/resolve/-/resolve-1.22.0.tgz",
      "integrity": "sha512-Hhtrw0nLeSrFQ7phPp4OOcVjLPIeMnRlr5mcnVuMe7M/7eBn98A3hmFRLoFo3DLZkivSYwhRUJTyPyWAk56WLw==",
      "dev": true,
      "requires": {
        "is-core-module": "^2.8.1",
        "path-parse": "^1.0.7",
        "supports-preserve-symlinks-flag": "^1.0.0"
      }
    },
    "rollup": {
      "version": "2.67.2",
      "resolved": "https://registry.npmjs.org/rollup/-/rollup-2.67.2.tgz",
      "integrity": "sha512-hoEiBWwZtf1QdK3jZIq59L0FJj4Fiv4RplCO4pvCRC86qsoFurWB4hKQIjoRf3WvJmk5UZ9b0y5ton+62fC7Tw==",
      "dev": true,
      "requires": {
        "fsevents": "~2.3.2"
      }
    },
    "source-map": {
      "version": "0.6.1",
      "resolved": "https://registry.npmjs.org/source-map/-/source-map-0.6.1.tgz",
      "integrity": "sha512-UjgapumWlbMhkBgzT7Ykc5YXUT46F0iKu8SGXq0bcwP5dz/h0Plj6enJqjz1Zbq2l5WaqYnrVbwWOWMyF3F47g==",
      "dev": true
    },
    "source-map-js": {
      "version": "1.0.2",
      "resolved": "https://registry.npmjs.org/source-map-js/-/source-map-js-1.0.2.tgz",
      "integrity": "sha512-R0XvVJ9WusLiqTCEiGCmICCMplcCkIwwR11mOSD9CR5u+IXYdiseeEuXCVAjS54zqwkLcPNnmU4OeJ6tUrWhDw==",
      "dev": true
    },
    "sourcemap-codec": {
      "version": "1.4.8",
      "resolved": "https://registry.npmjs.org/sourcemap-codec/-/sourcemap-codec-1.4.8.tgz",
      "integrity": "sha512-9NykojV5Uih4lgo5So5dtw+f0JgJX30KCNI8gwhz2J9A15wD0Ml6tjHKwf6fTSa6fAdVBdZeNOs9eJ71qCk8vA==",
      "dev": true
    },
    "sprintf-js": {
      "version": "1.0.3",
      "resolved": "https://registry.npmjs.org/sprintf-js/-/sprintf-js-1.0.3.tgz",
      "integrity": "sha1-BOaSb2YolTVPPdAVIDYzuFcpfiw="
    },
    "supports-preserve-symlinks-flag": {
      "version": "1.0.0",
      "resolved": "https://registry.npmjs.org/supports-preserve-symlinks-flag/-/supports-preserve-symlinks-flag-1.0.0.tgz",
      "integrity": "sha512-ot0WnXS9fgdkgIcePe6RHNk1WA8+muPa6cSjeR3V8K27q9BB1rTE3R1p7Hv0z1ZyAc8s6Vvv8DIyWf681MAt0w==",
      "dev": true
    },
    "tslib": {
      "version": "2.3.0",
      "resolved": "https://registry.npmjs.org/tslib/-/tslib-2.3.0.tgz",
      "integrity": "sha512-N82ooyxVNm6h1riLCoyS9e3fuJ3AMG2zIZs2Gd1ATcSFjSA23Q0fzjjZeh0jbJvWVDZ0cJT8yaNNaaXHzueNjg=="
    },
    "uc.micro": {
      "version": "1.0.6",
      "resolved": "https://registry.npmjs.org/uc.micro/-/uc.micro-1.0.6.tgz",
      "integrity": "sha512-8Y75pvTYkLJW2hWQHXxoqRgV7qb9B+9vFEtidML+7koHUFapnVJAZ6cKs+Qjz5Aw3aZWHMC6u0wJE3At+nSGwA=="
    },
    "vite": {
      "version": "2.8.0",
      "resolved": "https://registry.npmjs.org/vite/-/vite-2.8.0.tgz",
      "integrity": "sha512-ed5rjyeysttuPJX/aKSA0gTB/8ZKLM5xF6FtEuKy1B9DiQbDNFMVMQxnb9JesgBPUMMIJxC8w5KZ/KNWLKFXoA==",
      "dev": true,
      "requires": {
        "esbuild": "^0.14.14",
        "fsevents": "~2.3.2",
        "postcss": "^8.4.5",
        "resolve": "^1.22.0",
        "rollup": "^2.59.0"
      }
    },
    "vitepress": {
      "version": "0.22.0",
      "resolved": "https://registry.npmjs.org/vitepress/-/vitepress-0.22.0.tgz",
      "integrity": "sha512-0q8OFO6mO1q6o33m7RkHl03Ef3qt2eRM3ZlkO19Q6QNC1m0fAPnV32DHLeq432IaHOfjmFo3bIJb9rptqv7VLQ==",
      "dev": true,
      "requires": {
        "@docsearch/css": "^3.0.0-alpha.41",
        "@docsearch/js": "^3.0.0-alpha.41",
        "@vitejs/plugin-vue": "^2.2.0",
        "prismjs": "^1.25.0",
        "vite": "^2.8.0",
        "vue": "^3.2.30"
      }
    },
    "vue": {
      "version": "3.2.30",
      "resolved": "https://registry.npmjs.org/vue/-/vue-3.2.30.tgz",
      "integrity": "sha512-ZmTFWVJUX2XADkuOB8GcLTuxnBLogjJBTNVrM7WsTnjqRQ+VR8bLNrvNsbn8vj/LaP5+0WFAPrpngOYE2x+e+Q==",
      "dev": true,
      "requires": {
        "@vue/compiler-dom": "3.2.30",
        "@vue/compiler-sfc": "3.2.30",
        "@vue/runtime-dom": "3.2.30",
        "@vue/server-renderer": "3.2.30",
        "@vue/shared": "3.2.30"
      }
    }
  }
}
